
Microsoft Visual Studio Solution File, Format Version 12.00
# Visual Studio Version 16
VisualStudioVersion = 16.0.31005.135
MinimumVisualStudioVersion = 10.0.40219.1
Project("{FAE04EC0-301F-11D3-BF4B-00C04F79EFBC}") = "WINTEX", "WINTEX.csproj", "{34ABCCE2-1EB8-40D2-8161-29F1E373F406}"
EndProject
Global
	GlobalSection(SolutionConfigurationPlatforms) = preSolution
		Debug|Any CPU = Debug|Any CPU
		Release|Any CPU = Release|Any CPU
	EndGlobalSection
	GlobalSection(ProjectConfigurationPlatforms) = postSolution
		{34ABCCE2-1EB8-40D2-8161-29F1E373F406}.Debug|Any CPU.ActiveCfg = Debug|Any CPU
		{34ABCCE2-1EB8-40D2-8161-29F1E373F406}.Debug|Any CPU.Build.0 = Debug|Any CPU
		{34ABCCE2-1EB8-40D2-8161-29F1E373F406}.Release|Any CPU.ActiveCfg = Release|Any CPU
		{34ABCCE2-1EB8-40D2-8161-29F1E373F406}.Release|Any CPU.Build.0 = Release|Any CPU
	EndGlobalSection
	GlobalSection(SolutionProperties) = preSolution
		HideSolutionNode = FALSE
	EndGlobalSection
	GlobalSection(ExtensibilityGlobals) = postSolution
		SolutionGuid = {55A4CFC4-0B2C-47EB-85C9-3D6A48CB1F38}
	EndGlobalSection
EndGlobal
